<?xml version="1.0" encoding="utf-8"?>
<Project ToolsVersion="4.0" xmlns="http://schemas.microsoft.com/developer/msbuild/2003">
  <ItemGroup>
    <Filter Include="Source Files">
      <UniqueIdentifier>{4FC737F1-C7A5-4376-A066-2A32D752A2FF}</UniqueIdentifier>
      <Extensions>cpp;c;cc;cxx;def;odl;idl;hpj;bat;asm;asmx</Extensions>
    </Filter>
    <Filter Include="Header Files">
      <UniqueIdentifier>{93995380-89BD-4b04-88EB-625FBE52EBFB}</UniqueIdentifier>
      <Extensions>h;hpp;hxx;hm;inl;inc;xsd</Extensions>
    </Filter>
    <Filter Include="Resource Files">
      <UniqueIdentifier>{67DA6AB6-F800-4c08-8B7A-83BB121AAD01}</UniqueIdentifier>
      <Extensions>rc;ico;cur;bmp;dlg;rc2;rct;bin;rgs;gif;jpg;jpeg;jpe;resx;tiff;tif;png;wav;mfcribbon-ms</Extensions>
    </Filter>
    <Filter Include="interface">
      <UniqueIdentifier>{c5ab4831-a060-47ad-96d9-52660a210c9d}</UniqueIdentifier>
    </Filter>
  </ItemGroup>
  <ItemGroup>
    <None Include="ReadMe.txt" />
  </ItemGroup>
  <ItemGroup>
    <ClCompile Include="credis.c">
      <Filter>Source Files</Filter>
    </ClCompile>
    <ClCompile Include="cutility.cpp">
      <Filter>Source Files</Filter>
    </ClCompile>
    <ClCompile Include="packetprocess.cpp">
      <Filter>Source Files</Filter>
    </ClCompile>
    <ClCompile Include="platform.cpp">
      <Filter>Source Files</Filter>
    </ClCompile>
    <ClCompile Include="wintimer.cpp">
      <Filter>Source Files</Filter>
    </ClCompile>
    <ClCompile Include="platforminterface.cpp">
      <Filter>interface</Filter>
    </ClCompile>
    <ClCompile Include="zredis.cpp">
      <Filter>Source Files</Filter>
    </ClCompile>
  </ItemGroup>
  <ItemGroup>
    <ClInclude Include="credis.h">
      <Filter>Header Files</Filter>
    </ClInclude>
    <ClInclude Include="cutility.h">
      <Filter>Header Files</Filter>
    </ClInclude>
    <ClInclude Include="globle.h">
      <Filter>Header Files</Filter>
    </ClInclude>
    <ClInclude Include="InterfaceDataStruct.h">
      <Filter>Header Files</Filter>
    </ClInclude>
    <ClInclude Include="packetprocess.h">
      <Filter>Header Files</Filter>
    </ClInclude>
    <ClInclude Include="platform.h">
      <Filter>Header Files</Filter>
    </ClInclude>
    <ClInclude Include="platformhead.h">
      <Filter>Header Files</Filter>
    </ClInclude>
    <ClInclude Include="wintimer.h">
      <Filter>Header Files</Filter>
    </ClInclude>
    <ClInclude Include="platforminterface.h">
      <Filter>interface</Filter>
    </ClInclude>
    <ClInclude Include="zredis.h">
      <Filter>Header Files</Filter>
    </ClInclude>
  </ItemGroup>
</Project>